// !$*UTF8*$!
{
	archiveVersion = 1;
	classes = {
	};
	objectVersion = 48;
	objects = {

/* Begin PBXBuildFile section */
		B3BB2A16200FF3AC00556F91 /* AppDelegate.swift in Sources */ = {isa = PBXBuildFile; fileRef = B3BB2A15200FF3AC00556F91 /* AppDelegate.swift */; };
		B3BB2A18200FF3AC00556F91 /* ViewController.swift in Sources */ = {isa = PBXBuildFile; fileRef = B3BB2A17200FF3AC00556F91 /* ViewController.swift */; };
		B3BB2A1B200FF3AC00556F91 /* Main.storyboard in Resources */ = {isa = PBXBuildFile; fileRef = B3BB2A19200FF3AC00556F91 /* Main.storyboard */; };
		B3BB2A1D200FF3AC00556F91 /* Assets.xcassets in Resources */ = {isa = PBXBuildFile; fileRef = B3BB2A1C200FF3AC00556F91 /* Assets.xcassets */; };
		B3BB2A20200FF3AC00556F91 /* LaunchScreen.storyboard in Resources */ = {isa = PBXBuildFile; fileRef = B3BB2A1E200FF3AC00556F91 /* LaunchScreen.storyboard */; };
		B3BB2A282010E4A900556F91 /* Pulsing.swift in Sources */ = {isa = PBXBuildFile; fileRef = B3BB2A272010E4A900556F91 /* Pulsing.swift */; };
		B3F625B0201A5B84008888A6 /* UserDefaultHelp.swift in Sources */ = {isa = PBXBuildFile; fileRef = B3F625AF201A5B84008888A6 /* UserDefaultHelp.swift */; };
		B3F625B2201A5D1E008888A6 /* TransitionAnimation.swift in Sources */ = {isa = PBXBuildFile; fileRef = B3F625B1201A5D1E008888A6 /* TransitionAnimation.swift */; };
		B3F625B4201A6933008888A6 /* Cards.swift in Sources */ = {isa = PBXBuildFile; fileRef = B3F625B3201A6933008888A6 /* Cards.swift */; };
		B3F625B6201B8F06008888A6 /* ScaleSegue.swift in Sources */ = {isa = PBXBuildFile; fileRef = B3F625B5201B8F06008888A6 /* ScaleSegue.swift */; };
		B3F625B8201BB311008888A6 /* tenPickViewController.swift in Sources */ = {isa = PBXBuildFile; fileRef = B3F625B7201BB311008888A6 /* tenPickViewController.swift */; };
/* End PBXBuildFile section */

/* Begin PBXFileReference section */
		B3BB2A12200FF3AC00556F91 /* RNGTest.app */ = {isa = PBXFileReference; explicitFileType = wrapper.application; includeInIndex = 0; path = RNGTest.app; sourceTree = BUILT_PRODUCTS_DIR; };
		B3BB2A15200FF3AC00556F91 /* AppDelegate.swift */ = {isa = PBXFileReference; lastKnownFileType = sourcecode.swift; path = AppDelegate.swift; sourceTree = "<group>"; };
		B3BB2A17200FF3AC00556F91 /* ViewController.swift */ = {isa = PBXFileReference; lastKnownFileType = sourcecode.swift; path = ViewController.swift; sourceTree = "<group>"; };
		B3BB2A1A200FF3AC00556F91 /* Base */ = {isa = PBXFileReference; lastKnownFileType = file.storyboard; name = Base; path = Base.lproj/Main.storyboard; sourceTree = "<group>"; };
		B3BB2A1C200FF3AC00556F91 /* Assets.xcassets */ = {isa = PBXFileReference; lastKnownFileType = folder.assetcatalog; path = Assets.xcassets; sourceTree = "<group>"; };
		B3BB2A1F200FF3AC00556F91 /* Base */ = {isa = PBXFileReference; lastKnownFileType = file.storyboard; name = Base; path = Base.lproj/LaunchScreen.storyboard; sourceTree = "<group>"; };
		B3BB2A21200FF3AC00556F91 /* Info.plist */ = {isa = PBXFileReference; lastKnownFileType = text.plist.xml; path = Info.plist; sourceTree = "<group>"; };
		B3BB2A272010E4A900556F91 /* Pulsing.swift */ = {isa = PBXFileReference; lastKnownFileType = sourcecode.swift; path = Pulsing.swift; sourceTree = "<group>"; };
		B3F625AF201A5B84008888A6 /* UserDefaultHelp.swift */ = {isa = PBXFileReference; lastKnownFileType = sourcecode.swift; path = UserDefaultHelp.swift; sourceTree = "<group>"; };
		B3F625B1201A5D1E008888A6 /* TransitionAnimation.swift */ = {isa = PBXFileReference; lastKnownFileType = sourcecode.swift; path = TransitionAnimation.swift; sourceTree = "<group>"; };
		B3F625B3201A6933008888A6 /* Cards.swift */ = {isa = PBXFileReference; lastKnownFileType = sourcecode.swift; path = Cards.swift; sourceTree = "<group>"; };
		B3F625B5201B8F06008888A6 /* ScaleSegue.swift */ = {isa = PBXFileReference; lastKnownFileType = sourcecode.swift; path = ScaleSegue.swift; sourceTree = "<group>"; };
		B3F625B7201BB311008888A6 /* tenPickViewController.swift */ = {isa = PBXFileReference; lastKnownFileType = sourcecode.swift; path = tenPickViewController.swift; sourceTree = "<group>"; };
/* End PBXFileReference section */

/* Begin PBXFrameworksBuildPhase section */
		B3BB2A0F200FF3AC00556F91 /* Frameworks */ = {
			isa = PBXFrameworksBuildPhase;
			buildActionMask = 2147483647;
			files = (
			);
			runOnlyForDeploymentPostprocessing = 0;
		};
/* End PBXFrameworksBuildPhase section */

/* Begin PBXGroup section */
		B3BB2A09200FF3AC00556F91 = {
			isa = PBXGroup;
			children = (
				B3BB2A14200FF3AC00556F91 /* RNGTest */,
				B3BB2A13200FF3AC00556F91 /* Products */,
			);
			sourceTree = "<group>";
		};
		B3BB2A13200FF3AC00556F91 /* Products */ = {
			isa = PBXGroup;
			children = (
				B3BB2A12200FF3AC00556F91 /* RNGTest.app */,
			);
			name = Products;
			sourceTree = "<group>";
		};
		B3BB2A14200FF3AC00556F91 /* RNGTest */ = {
			isa = PBXGroup;
			children = (
				B3BB2A15200FF3AC00556F91 /* AppDelegate.swift */,
				B3BB2A17200FF3AC00556F91 /* ViewController.swift */,
				B3BB2A272010E4A900556F91 /* Pulsing.swift */,
				B3BB2A19200FF3AC00556F91 /* Main.storyboard */,
				B3BB2A1C200FF3AC00556F91 /* Assets.xcassets */,
				B3BB2A1E200FF3AC00556F91 /* LaunchScreen.storyboard */,
				B3BB2A21200FF3AC00556F91 /* Info.plist */,
				B3F625AF201A5B84008888A6 /* UserDefaultHelp.swift */,
				B3F625B1201A5D1E008888A6 /* TransitionAnimation.swift */,
				B3F625B3201A6933008888A6 /* Cards.swift */,
				B3F625B5201B8F06008888A6 /* ScaleSegue.swift */,
				B3F625B7201BB311008888A6 /* tenPickViewController.swift */,
			);
			path = RNGTest;
			sourceTree = "<group>";
		};
/* End PBXGroup section */

/* Begin PBXNativeTarget section */
		B3BB2A11200FF3AC00556F91 /* RNGTest */ = {
			isa = PBXNativeTarget;
			buildConfigurationList = B3BB2A24200FF3AC00556F91 /* Build configuration list for PBXNativeTarget "RNGTest" */;
			buildPhases = (
				B3BB2A0E200FF3AC00556F91 /* Sources */,
				B3BB2A0F200FF3AC00556F91 /* Frameworks */,
				B3BB2A10200FF3AC00556F91 /* Resources */,
			);
			buildRules = (
			);
			dependencies = (
			);
			name = RNGTest;
			productName = RNGTest;
			productReference = B3BB2A12200FF3AC00556F91 /* RNGTest.app */;
			productType = "com.apple.product-type.application";
		};
/* End PBXNativeTarget section */

/* Begin PBXProject section */
		B3BB2A0A200FF3AC00556F91 /* Project object */ = {
			isa = PBXProject;
			attributes = {
				LastSwiftUpdateCheck = 0920;
				LastUpgradeCheck = 0920;
				ORGANIZATIONNAME = RideShark;
				TargetAttributes = {
					B3BB2A11200FF3AC00556F91 = {
						CreatedOnToolsVersion = 9.2;
						ProvisioningStyle = Automatic;
					};
				};
			};
			buildConfigurationList = B3BB2A0D200FF3AC00556F91 /* Build configuration list for PBXProject "RNGTest" */;
			compatibilityVersion = "Xcode 8.0";
			developmentRegion = en;
			hasScannedForEncodings = 0;
			knownRegions = (
				en,
				Base,
			);
			mainGroup = B3BB2A09200FF3AC00556F91;
			productRefGroup = B3BB2A13200FF3AC00556F91 /* Products */;
			projectDirPath = "";
			projectRoot = "";
			targets = (
				B3BB2A11200FF3AC00556F91 /* RNGTest */,
			);
		};
/* End PBXProject section */

/* Begin PBXResourcesBuildPhase section */
		B3BB2A10200FF3AC00556F91 /* Resources */ = {
			isa = PBXResourcesBuildPhase;
			buildActionMask = 2147483647;
			files = (
				B3BB2A20200FF3AC00556F91 /* LaunchScreen.storyboard in Resources */,
				B3BB2A1D200FF3AC00556F91 /* Assets.xcassets in Resources */,
				B3BB2A1B200FF3AC00556F91 /* Main.storyboard in Resources */,
			);
			runOnlyForDeploymentPostprocessing = 0;
		};
/* End PBXResourcesBuildPhase section */

/* Begin PBXSourcesBuildPhase section */
		B3BB2A0E200FF3AC00556F91 /* Sources */ = {
			isa = PBXSourcesBuildPhase;
			buildActionMask = 2147483647;
			files = (
				B3F625B2201A5D1E008888A6 /* TransitionAnimation.swift in Sources */,
				B3BB2A18200FF3AC00556F91 /* ViewController.swift in Sources */,
				B3F625B6201B8F06008888A6 /* ScaleSegue.swift in Sources */,
				B3F625B8201BB311008888A6 /* tenPickViewController.swift in Sources */,
				B3F625B0201A5B84008888A6 /* UserDefaultHelp.swift in Sources */,
				B3F625B4201A6933008888A6 /* Cards.swift in Sources */,
				B3BB2A282010E4A900556F91 /* Pulsing.swift in Sources */,
				B3BB2A16200FF3AC00556F91 /* AppDelegate.swift in Sources */,
			);
			runOnlyForDeploymentPostprocessing = 0;
		};
/* End PBXSourcesBuildPhase section */

/* Begin PBXVariantGroup section */
		B3BB2A19200FF3AC00556F91 /* Main.storyboard */ = {
			isa = PBXVariantGroup;
			children = (
				B3BB2A1A200FF3AC00556F91 /* Base */,
			);
			name = Main.storyboard;
			sourceTree = "<group>";
		};
		B3BB2A1E200FF3AC00556F91 /* LaunchScreen.storyboard */ = {
			isa = PBXVariantGroup;
			children = (
				B3BB2A1F200FF3AC00556F91 /* Base */,
			);
			name = LaunchScreen.storyboard;
			sourceTree = "<group>";
		};
/* End PBXVariantGroup section */

/* Begin XCBuildConfiguration section */
		B3BB2A22200FF3AC00556F91 /* Debug */ = {
			isa = XCBuildConfiguration;
			buildSettings = {
				ALWAYS_SEARCH_USER_PATHS = NO;
				CLANG_ANALYZER_NONNULL = YES;
				CLANG_ANALYZER_NUMBER_OBJECT_CONVERSION = YES_AGGRESSIVE;
				CLANG_CXX_LANGUAGE_STANDARD = "gnu++14";
				CLANG_CXX_LIBRARY = "libc++";
				CLANG_ENABLE_MODULES = YES;
				CLANG_ENABLE_OBJC_ARC = YES;
				CLANG_WARN_BLOCK_CAPTURE_AUTORELEASING = YES;
				CLANG_WARN_BOOL_CONVERSION = YES;
				CLANG_WARN_COMMA = YES;
				CLANG_WARN_CONSTANT_CONVERSION = YES;
				CLANG_WARN_DIRECT_OBJC_ISA_USAGE = YES_ERROR;
				CLANG_WARN_DOCUMENTATION_COMMENTS = YES;
				CLANG_WARN_EMPTY_BODY = YES;
				CLANG_WARN_ENUM_CONVERSION = YES;
				CLANG_WARN_INFINITE_RECURSION = YES;
				CLANG_WARN_INT_CONVERSION = YES;
				CLANG_WARN_NON_LITERAL_NULL_CONVERSION = YES;
				CLANG_WARN_OBJC_LITERAL_CONVERSION = YES;
				CLANG_WARN_OBJC_ROOT_CLASS = YES_ERROR;
				CLANG_WARN_RANGE_LOOP_ANALYSIS = YES;
				CLANG_WARN_STRICT_PROTOTYPES = YES;
				CLANG_WARN_SUSPICIOUS_MOVE = YES;
				CLANG_WARN_UNGUARDED_AVAILABILITY = YES_AGGRESSIVE;
				CLANG_WARN_UNREACHABLE_CODE = YES;
				CLANG_WARN__DUPLICATE_METHOD_MATCH = YES;
				CODE_SIGN_IDENTITY = "iPhone Developer";
				COPY_PHASE_STRIP = NO;
				DEBUG_INFORMATION_FORMAT = dwarf;
				ENABLE_STRICT_OBJC_MSGSEND = YES;
				ENABLE_TESTABILITY = YES;
				GCC_C_LANGUAGE_STANDARD = gnu11;
				GCC_DYNAMIC_NO_PIC = NO;
				GCC_NO_COMMON_BLOCKS = YES;
				GCC_OPTIMIZATION_LEVEL = 0;
				GCC_PREPROCESSOR_DEFINITIONS = (
					"DEBUG=1",
					"$(inherited)",
				);
				GCC_WARN_64_TO_32_BIT_CONVERSION = YES;
				GCC_WARN_ABOUT_RETURN_TYPE = YES_ERROR;
				GCC_WARN_UNDECLARED_SELECTOR = YES;
				GCC_WARN_UNINITIALIZED_AUTOS = YES_AGGRESSIVE;
				GCC_WARN_UNUSED_FUNCTION = YES;
				GCC_WARN_UNUSED_VARIABLE = YES;
				IPHONEOS_DEPLOYMENT_TARGET = 11.2;
				MTL_ENABLE_DEBUG_INFO = YES;
				ONLY_ACTIVE_ARCH = YES;
				SDKROOT = iphoneos;
				SWIFT_ACTIVE_COMPILATION_CONDITIONS = DEBUG;
				SWIFT_OPTIMIZATION_LEVEL = "-Onone";
			};
			name = Debug;
		};
		B3BB2A23200FF3AC00556F91 /* Release */ = {
			isa = XCBuildConfiguration;
			buildSettings = {
				ALWAYS_SEARCH_USER_PATHS = NO;
				CLANG_ANALYZER_NONNULL = YES;
				CLANG_ANALYZER_NUMBER_OBJECT_CONVERSION = YES_AGGRESSIVE;
				CLANG_CXX_LANGUAGE_STANDARD = "gnu++14";
				CLANG_CXX_LIBRARY = "libc++";
				CLANG_ENABLE_MODULES = YES;
				CLANG_ENABLE_OBJC_ARC = YES;
				CLANG_WARN_BLOCK_CAPTURE_AUTORELEASING = YES;
				CLANG_WARN_BOOL_CONVERSION = YES;
				CLANG_WARN_COMMA = YES;
				CLANG_WARN_CONSTANT_CONVERSION = YES;
				CLANG_WARN_DIRECT_OBJC_ISA_USAGE = YES_ERROR;
				CLANG_WARN_DOCUMENTATION_COMMENTS = YES;
				CLANG_WARN_EMPTY_BODY = YES;
				CLANG_WARN_ENUM_CONVERSION = YES;
				CLANG_WARN_INFINITE_RECURSION = YES;
				CLANG_WARN_INT_CONVERSION = YES;
				CLANG_WARN_NON_LITERAL_NULL_CONVERSION = YES;
				CLANG_WARN_OBJC_LITERAL_CONVERSION = YES;
				CLANG_WARN_OBJC_ROOT_CLASS = YES_ERROR;
				CLANG_WARN_RANGE_LOOP_ANALYSIS = YES;
				CLANG_WARN_STRICT_PROTOTYPES = YES;
				CLANG_WARN_SUSPICIOUS_MOVE = YES;
				CLANG_WARN_UNGUARDED_AVAILABILITY = YES_AGGRESSIVE;
				CLANG_WARN_UNREACHABLE_CODE = YES;
				CLANG_WARN__DUPLICATE_METHOD_MATCH = YES;
				CODE_SIGN_IDENTITY = "iPhone Developer";
				COPY_PHASE_STRIP = NO;
				DEBUG_INFORMATION_FORMAT = "dwarf-with-dsym";
				ENABLE_NS_ASSERTIONS = NO;
				ENABLE_STRICT_OBJC_MSGSEND = YES;
				GCC_C_LANGUAGE_STANDARD = gnu11;
				GCC_NO_COMMON_BLOCKS = YES;
				GCC_WARN_64_TO_32_BIT_CONVERSION = YES;
				GCC_WARN_ABOUT_RETURN_TYPE = YES_ERROR;
				GCC_WARN_UNDECLARED_SELECTOR = YES;
				GCC_WARN_UNINITIALIZED_AUTOS = YES_AGGRESSIVE;
				GCC_WARN_UNUSED_FUNCTION = YES;
				GCC_WARN_UNUSED_VARIABLE = YES;
				IPHONEOS_DEPLOYMENT_TARGET = 11.2;
				MTL_ENABLE_DEBUG_INFO = NO;
				SDKROOT = iphoneos;
				SWIFT_OPTIMIZATION_LEVEL = "-Owholemodule";
				VALIDATE_PRODUCT = YES;
			};
			name = Release;
		};
		B3BB2A25200FF3AC00556F91 /* Debug */ = {
			isa = XCBuildConfiguration;
			buildSettings = {
				ASSETCATALOG_COMPILER_APPICON_NAME = AppIcon;
				CODE_SIGN_STYLE = Automatic;
				DEVELOPMENT_TEAM = 56CJW66772;
				INFOPLIST_FILE = RNGTest/Info.plist;
				LD_RUNPATH_SEARCH_PATHS = "$(inherited) @executable_path/Frameworks";
				PRODUCT_BUNDLE_IDENTIFIER = com.rideshark.RNGTest;
				PRODUCT_NAME = "$(TARGET_NAME)";
				SWIFT_VERSION = 4.0;
				TARGETED_DEVICE_FAMILY = "1,2";
			};
			name = Debug;
		};
		B3BB2A26200FF3AC00556F91 /* Release */ = {
			isa = XCBuildConfiguration;
			buildSettings = {
				ASSETCATALOG_COMPILER_APPICON_NAME = AppIcon;
				CODE_SIGN_STYLE = Automatic;
				DEVELOPMENT_TEAM = 56CJW66772;
				INFOPLIST_FILE = RNGTest/Info.plist;
				LD_RUNPATH_SEARCH_PATHS = "$(inherited) @executable_path/Frameworks";
				PRODUCT_BUNDLE_IDENTIFIER = com.rideshark.RNGTest;
				PRODUCT_NAME = "$(TARGET_NAME)";
				SWIFT_VERSION = 4.0;
				TARGETED_DEVICE_FAMILY = "1,2";
			};
			name = Release;
		};
/* End XCBuildConfiguration section */

/* Begin XCConfigurationList section */
		B3BB2A0D200FF3AC00556F91 /* Build configuration list for PBXProject "RNGTest" */ = {
			isa = XCConfigurationList;
			buildConfigurations = (
				B3BB2A22200FF3AC00556F91 /* Debug */,
				B3BB2A23200FF3AC00556F91 /* Release */,
			);
			defaultConfigurationIsVisible = 0;
			defaultConfigurationName = Release;
		};
		B3BB2A24200FF3AC00556F91 /* Build configuration list for PBXNativeTarget "RNGTest" */ = {
			isa = XCConfigurationList;
			buildConfigurations = (
				B3BB2A25200FF3AC00556F91 /* Debug */,
				B3BB2A26200FF3AC00556F91 /* Release */,
			);
			defaultConfigurationIsVisible = 0;
			defaultConfigurationName = Release;
		};
/* End XCConfigurationList section */
	};
	rootObject = B3BB2A0A200FF3AC00556F91 /* Project object */;
}
